
Microsoft Visual Studio Solution File, Format Version 12.00
Project("{FAE04EC0-301F-11D3-BF4B-00C04F79EFBC}") = "NETCore.Keycloak.Client", "NETCore.Keycloak.Client\NETCore.Keycloak.Client.csproj", "{497CADC5-935D-4CC1-A60A-ED327FC872E8}"
EndProject
Global
	GlobalSection(SolutionConfigurationPlatforms) = preSolution
		Debug|Any CPU = Debug|Any CPU
		Release|Any CPU = Release|Any CPU
	EndGlobalSection
	GlobalSection(ProjectConfigurationPlatforms) = postSolution
		{497CADC5-935D-4CC1-A60A-ED327FC872E8}.Debug|Any CPU.ActiveCfg = Debug|Any CPU
		{497CADC5-935D-4CC1-A60A-ED327FC872E8}.Debug|Any CPU.Build.0 = Debug|Any CPU
		{497CADC5-935D-4CC1-A60A-ED327FC872E8}.Release|Any CPU.ActiveCfg = Release|Any CPU
		{497CADC5-935D-4CC1-A60A-ED327FC872E8}.Release|Any CPU.Build.0 = Release|Any CPU
	EndGlobalSection
EndGlobal
